
Microsoft Visual Studio Solution File, Format Version 12.00
# Visual Studio Version 17
VisualStudioVersion = 17.7.34024.191
MinimumVisualStudioVersion = 10.0.40219.1
Project("{9A19103F-16F7-4668-BE54-9A1E7A4F7556}") = "Legpuzzel_ver1_Meindert", "Legpuzzel_ver1_Meindert.csproj", "{227EE911-45EC-4D31-B33C-0E9080565886}"
EndProject
Project("{2150E333-8FDC-42A3-9474-1A3956D46DE8}") = "Solution Items", "Solution Items", "{54451455-52B2-4C8B-9431-398CE9EA0C8D}"
	ProjectSection(SolutionItems) = preProject
		muziek\De_muziek.mp3 = muziek\De_muziek.mp3
		D:\logo_carrot_gems.png = D:\logo_carrot_gems.png
	EndProjectSection
EndProject
Global
	GlobalSection(SolutionConfigurationPlatforms) = preSolution
		Debug|Any CPU = Debug|Any CPU
		Release|Any CPU = Release|Any CPU
	EndGlobalSection
	GlobalSection(ProjectConfigurationPlatforms) = postSolution
		{227EE911-45EC-4D31-B33C-0E9080565886}.Debug|Any CPU.ActiveCfg = Debug|Any CPU
		{227EE911-45EC-4D31-B33C-0E9080565886}.Debug|Any CPU.Build.0 = Debug|Any CPU
		{227EE911-45EC-4D31-B33C-0E9080565886}.Release|Any CPU.ActiveCfg = Release|Any CPU
		{227EE911-45EC-4D31-B33C-0E9080565886}.Release|Any CPU.Build.0 = Release|Any CPU
	EndGlobalSection
	GlobalSection(SolutionProperties) = preSolution
		HideSolutionNode = FALSE
	EndGlobalSection
	GlobalSection(ExtensibilityGlobals) = postSolution
		SolutionGuid = {4A7F5CE3-C21A-40EA-B2AC-70B650EBD4C8}
	EndGlobalSection
EndGlobal
